<?xml version="1.0" encoding="UTF-8"?>
<CodeBlocks_project_file>
	<FileVersion major="1" minor="6"/>
	<Project>
		<Option title="HW2"/>
		<Option makefile_is_custom="1"/>
		<Option compiler="gcc"/>
		<Option virtualFolders="CMake Files\;"/>
		<Build>
			<Target title="all">
				<Option working_dir="/Users/kot_mapku3/Developer/S21/PSS/HW2"/>
				<Option type="4"/>
				<MakeCommands>
					<Build command="/usr/bin/make -f &quot;/Users/kot_mapku3/Developer/S21/PSS/HW2/Makefile&quot;  VERBOSE=1 all"/>
					<CompileFile command="/usr/bin/make -f &quot;/Users/kot_mapku3/Developer/S21/PSS/HW2/Makefile&quot;  VERBOSE=1 &quot;$file&quot;"/>
					<Clean command="/usr/bin/make -f &quot;/Users/kot_mapku3/Developer/S21/PSS/HW2/Makefile&quot;  VERBOSE=1 clean"/>
					<DistClean command="/usr/bin/make -f &quot;/Users/kot_mapku3/Developer/S21/PSS/HW2/Makefile&quot;  VERBOSE=1 clean"/>
				</MakeCommands>
			</Target>
			<Target title="rebuild_cache">
				<Option working_dir="/Users/kot_mapku3/Developer/S21/PSS/HW2"/>
				<Option type="4"/>
				<MakeCommands>
					<Build command="/usr/bin/make -f &quot;/Users/kot_mapku3/Developer/S21/PSS/HW2/Makefile&quot;  VERBOSE=1 rebuild_cache"/>
					<CompileFile command="/usr/bin/make -f &quot;/Users/kot_mapku3/Developer/S21/PSS/HW2/Makefile&quot;  VERBOSE=1 &quot;$file&quot;"/>
					<Clean command="/usr/bin/make -f &quot;/Users/kot_mapku3/Developer/S21/PSS/HW2/Makefile&quot;  VERBOSE=1 clean"/>
					<DistClean command="/usr/bin/make -f &quot;/Users/kot_mapku3/Developer/S21/PSS/HW2/Makefile&quot;  VERBOSE=1 clean"/>
				</MakeCommands>
			</Target>
			<Target title="edit_cache">
				<Option working_dir="/Users/kot_mapku3/Developer/S21/PSS/HW2"/>
				<Option type="4"/>
				<MakeCommands>
					<Build command="/usr/bin/make -f &quot;/Users/kot_mapku3/Developer/S21/PSS/HW2/Makefile&quot;  VERBOSE=1 edit_cache"/>
					<CompileFile command="/usr/bin/make -f &quot;/Users/kot_mapku3/Developer/S21/PSS/HW2/Makefile&quot;  VERBOSE=1 &quot;$file&quot;"/>
					<Clean command="/usr/bin/make -f &quot;/Users/kot_mapku3/Developer/S21/PSS/HW2/Makefile&quot;  VERBOSE=1 clean"/>
					<DistClean command="/usr/bin/make -f &quot;/Users/kot_mapku3/Developer/S21/PSS/HW2/Makefile&quot;  VERBOSE=1 clean"/>
				</MakeCommands>
			</Target>
			<Target title="HW2">
				<Option output="/Users/kot_mapku3/Developer/S21/PSS/HW2/HW2" prefix_auto="0" extension_auto="0"/>
				<Option working_dir="/Users/kot_mapku3/Developer/S21/PSS/HW2"/>
				<Option object_output="./"/>
				<Option type="1"/>
				<Option compiler="gcc"/>
				<Compiler/>
				<MakeCommands>
					<Build command="/usr/bin/make -f &quot;/Users/kot_mapku3/Developer/S21/PSS/HW2/Makefile&quot;  VERBOSE=1 HW2"/>
					<CompileFile command="/usr/bin/make -f &quot;/Users/kot_mapku3/Developer/S21/PSS/HW2/Makefile&quot;  VERBOSE=1 &quot;$file&quot;"/>
					<Clean command="/usr/bin/make -f &quot;/Users/kot_mapku3/Developer/S21/PSS/HW2/Makefile&quot;  VERBOSE=1 clean"/>
					<DistClean command="/usr/bin/make -f &quot;/Users/kot_mapku3/Developer/S21/PSS/HW2/Makefile&quot;  VERBOSE=1 clean"/>
				</MakeCommands>
			</Target>
			<Target title="HW2/fast">
				<Option output="/Users/kot_mapku3/Developer/S21/PSS/HW2/HW2" prefix_auto="0" extension_auto="0"/>
				<Option working_dir="/Users/kot_mapku3/Developer/S21/PSS/HW2"/>
				<Option object_output="./"/>
				<Option type="1"/>
				<Option compiler="gcc"/>
				<Compiler/>
				<MakeCommands>
					<Build command="/usr/bin/make -f &quot;/Users/kot_mapku3/Developer/S21/PSS/HW2/Makefile&quot;  VERBOSE=1 HW2/fast"/>
					<CompileFile command="/usr/bin/make -f &quot;/Users/kot_mapku3/Developer/S21/PSS/HW2/Makefile&quot;  VERBOSE=1 &quot;$file&quot;"/>
					<Clean command="/usr/bin/make -f &quot;/Users/kot_mapku3/Developer/S21/PSS/HW2/Makefile&quot;  VERBOSE=1 clean"/>
					<DistClean command="/usr/bin/make -f &quot;/Users/kot_mapku3/Developer/S21/PSS/HW2/Makefile&quot;  VERBOSE=1 clean"/>
				</MakeCommands>
			</Target>
		</Build>
		<Unit filename="/Users/kot_mapku3/Developer/S21/PSS/HW2/Enums.h">
			<Option target="HW2"/>
		</Unit>
		<Unit filename="/Users/kot_mapku3/Developer/S21/PSS/HW2/events/FireAlarm.cpp">
			<Option target="HW2"/>
		</Unit>
		<Unit filename="/Users/kot_mapku3/Developer/S21/PSS/HW2/events/FireAlarm.h">
			<Option target="HW2"/>
		</Unit>
		<Unit filename="/Users/kot_mapku3/Developer/S21/PSS/HW2/events/Observer.h">
			<Option target="HW2"/>
		</Unit>
		<Unit filename="/Users/kot_mapku3/Developer/S21/PSS/HW2/main.cpp">
			<Option target="HW2"/>
		</Unit>
		<Unit filename="/Users/kot_mapku3/Developer/S21/PSS/HW2/rooms/Cabinet.cpp">
			<Option target="HW2"/>
		</Unit>
		<Unit filename="/Users/kot_mapku3/Developer/S21/PSS/HW2/rooms/Cabinet.h">
			<Option target="HW2"/>
		</Unit>
		<Unit filename="/Users/kot_mapku3/Developer/S21/PSS/HW2/rooms/ClassRoom.cpp">
			<Option target="HW2"/>
		</Unit>
		<Unit filename="/Users/kot_mapku3/Developer/S21/PSS/HW2/rooms/ClassRoom.h">
			<Option target="HW2"/>
		</Unit>
		<Unit filename="/Users/kot_mapku3/Developer/S21/PSS/HW2/rooms/ConferenceRoom.cpp">
			<Option target="HW2"/>
		</Unit>
		<Unit filename="/Users/kot_mapku3/Developer/S21/PSS/HW2/rooms/ConferenceRoom.h">
			<Option target="HW2"/>
		</Unit>
		<Unit filename="/Users/kot_mapku3/Developer/S21/PSS/HW2/rooms/DirectorCabinet.cpp">
			<Option target="HW2"/>
		</Unit>
		<Unit filename="/Users/kot_mapku3/Developer/S21/PSS/HW2/rooms/DirectorCabinet.h">
			<Option target="HW2"/>
		</Unit>
		<Unit filename="/Users/kot_mapku3/Developer/S21/PSS/HW2/rooms/LectureRoom.cpp">
			<Option target="HW2"/>
		</Unit>
		<Unit filename="/Users/kot_mapku3/Developer/S21/PSS/HW2/rooms/LectureRoom.h">
			<Option target="HW2"/>
		</Unit>
		<Unit filename="/Users/kot_mapku3/Developer/S21/PSS/HW2/rooms/Room.cpp">
			<Option target="HW2"/>
		</Unit>
		<Unit filename="/Users/kot_mapku3/Developer/S21/PSS/HW2/rooms/Room.h">
			<Option target="HW2"/>
		</Unit>
		<Unit filename="/Users/kot_mapku3/Developer/S21/PSS/HW2/users/Admin.cpp">
			<Option target="HW2"/>
		</Unit>
		<Unit filename="/Users/kot_mapku3/Developer/S21/PSS/HW2/users/Admin.h">
			<Option target="HW2"/>
		</Unit>
		<Unit filename="/Users/kot_mapku3/Developer/S21/PSS/HW2/users/Director.cpp">
			<Option target="HW2"/>
		</Unit>
		<Unit filename="/Users/kot_mapku3/Developer/S21/PSS/HW2/users/Director.h">
			<Option target="HW2"/>
		</Unit>
		<Unit filename="/Users/kot_mapku3/Developer/S21/PSS/HW2/users/Employee.cpp">
			<Option target="HW2"/>
		</Unit>
		<Unit filename="/Users/kot_mapku3/Developer/S21/PSS/HW2/users/Employee.h">
			<Option target="HW2"/>
		</Unit>
		<Unit filename="/Users/kot_mapku3/Developer/S21/PSS/HW2/users/Guest.cpp">
			<Option target="HW2"/>
		</Unit>
		<Unit filename="/Users/kot_mapku3/Developer/S21/PSS/HW2/users/Guest.h">
			<Option target="HW2"/>
		</Unit>
		<Unit filename="/Users/kot_mapku3/Developer/S21/PSS/HW2/users/IGetWages.h">
			<Option target="HW2"/>
		</Unit>
		<Unit filename="/Users/kot_mapku3/Developer/S21/PSS/HW2/users/Professor.cpp">
			<Option target="HW2"/>
		</Unit>
		<Unit filename="/Users/kot_mapku3/Developer/S21/PSS/HW2/users/Professor.h">
			<Option target="HW2"/>
		</Unit>
		<Unit filename="/Users/kot_mapku3/Developer/S21/PSS/HW2/users/Student.cpp">
			<Option target="HW2"/>
		</Unit>
		<Unit filename="/Users/kot_mapku3/Developer/S21/PSS/HW2/users/Student.h">
			<Option target="HW2"/>
		</Unit>
		<Unit filename="/Users/kot_mapku3/Developer/S21/PSS/HW2/users/User.cpp">
			<Option target="HW2"/>
		</Unit>
		<Unit filename="/Users/kot_mapku3/Developer/S21/PSS/HW2/users/User.h">
			<Option target="HW2"/>
		</Unit>
		<Unit filename="/Users/kot_mapku3/Developer/S21/PSS/HW2/CMakeLists.txt">
			<Option virtualFolder="CMake Files\"/>
		</Unit>
	</Project>
</CodeBlocks_project_file>
